// !$*UTF8*$!
{
	archiveVersion = 1;
	classes = {
	};
	objectVersion = 46;
	objects = {

/* Begin PBXBuildFile section */
		B5050D661D328E450015D041 /* TwoViewController.m in Sources */ = {isa = PBXBuildFile; fileRef = B5050D651D328E450015D041 /* TwoViewController.m */; };
		B572C41D1D20FB29008D1DAE /* main.m in Sources */ = {isa = PBXBuildFile; fileRef = B572C41C1D20FB29008D1DAE /* main.m */; };
		B572C4201D20FB29008D1DAE /* AppDelegate.m in Sources */ = {isa = PBXBuildFile; fileRef = B572C41F1D20FB29008D1DAE /* AppDelegate.m */; };
		B572C4231D20FB29008D1DAE /* ViewController.m in Sources */ = {isa = PBXBuildFile; fileRef = B572C4221D20FB29008D1DAE /* ViewController.m */; };
		B572C4261D20FB29008D1DAE /* Main.storyboard in Resources */ = {isa = PBXBuildFile; fileRef = B572C4241D20FB29008D1DAE /* Main.storyboard */; };
		B572C4281D20FB29008D1DAE /* Assets.xcassets in Resources */ = {isa = PBXBuildFile; fileRef = B572C4271D20FB29008D1DAE /* Assets.xcassets */; };
		B572C42B1D20FB29008D1DAE /* LaunchScreen.storyboard in Resources */ = {isa = PBXBuildFile; fileRef = B572C4291D20FB29008D1DAE /* LaunchScreen.storyboard */; };
		B572C4361D20FB29008D1DAE /* HTStyleTests.m in Sources */ = {isa = PBXBuildFile; fileRef = B572C4351D20FB29008D1DAE /* HTStyleTests.m */; };
		B572C4411D20FB29008D1DAE /* HTStyleUITests.m in Sources */ = {isa = PBXBuildFile; fileRef = B572C4401D20FB29008D1DAE /* HTStyleUITests.m */; };
		B572C47B1D20FFF0008D1DAE /* HTBaoView.m in Sources */ = {isa = PBXBuildFile; fileRef = B572C4531D20FFF0008D1DAE /* HTBaoView.m */; };
		B572C47C1D20FFF0008D1DAE /* HTGridLayoutView.m in Sources */ = {isa = PBXBuildFile; fileRef = B572C4551D20FFF0008D1DAE /* HTGridLayoutView.m */; };
		B572C47D1D20FFF0008D1DAE /* HTHorizLayoutView.m in Sources */ = {isa = PBXBuildFile; fileRef = B572C4571D20FFF0008D1DAE /* HTHorizLayoutView.m */; };
		B572C47E1D20FFF0008D1DAE /* HTLineLayoutView.m in Sources */ = {isa = PBXBuildFile; fileRef = B572C4591D20FFF0008D1DAE /* HTLineLayoutView.m */; };
		B572C47F1D20FFF0008D1DAE /* HTTwoLabelView.m in Sources */ = {isa = PBXBuildFile; fileRef = B572C45B1D20FFF0008D1DAE /* HTTwoLabelView.m */; };
		B572C4801D20FFF0008D1DAE /* HTTwoView.m in Sources */ = {isa = PBXBuildFile; fileRef = B572C45D1D20FFF0008D1DAE /* HTTwoView.m */; };
		B572C4821D20FFF0008D1DAE /* HTButton.m in Sources */ = {isa = PBXBuildFile; fileRef = B572C4621D20FFF0008D1DAE /* HTButton.m */; };
		B572C4831D20FFF0008D1DAE /* HTImageView.m in Sources */ = {isa = PBXBuildFile; fileRef = B572C4641D20FFF0008D1DAE /* HTImageView.m */; };
		B572C4841D20FFF0008D1DAE /* HTLabel.m in Sources */ = {isa = PBXBuildFile; fileRef = B572C4661D20FFF0008D1DAE /* HTLabel.m */; };
		B572C4851D20FFF0008D1DAE /* HTScrollView.m in Sources */ = {isa = PBXBuildFile; fileRef = B572C4681D20FFF0008D1DAE /* HTScrollView.m */; };
		B572C4861D20FFF0008D1DAE /* HTStyleClass.m in Sources */ = {isa = PBXBuildFile; fileRef = B572C46A1D20FFF0008D1DAE /* HTStyleClass.m */; };
		B572C4871D20FFF0008D1DAE /* HTTextField.m in Sources */ = {isa = PBXBuildFile; fileRef = B572C46C1D20FFF0008D1DAE /* HTTextField.m */; };
		B572C4881D20FFF0008D1DAE /* HTView.m in Sources */ = {isa = PBXBuildFile; fileRef = B572C46E1D20FFF0008D1DAE /* HTView.m */; };
		B572C4891D20FFF0008D1DAE /* UIView+Using.m in Sources */ = {isa = PBXBuildFile; fileRef = B572C4701D20FFF0008D1DAE /* UIView+Using.m */; };
		B572C48A1D20FFF0008D1DAE /* NSObject+RZDataBinding.m in Sources */ = {isa = PBXBuildFile; fileRef = B572C4741D20FFF0008D1DAE /* NSObject+RZDataBinding.m */; };
		B572C48B1D20FFF0008D1DAE /* RZDBCoalesce.m in Sources */ = {isa = PBXBuildFile; fileRef = B572C4771D20FFF0008D1DAE /* RZDBCoalesce.m */; };
		B572C48C1D20FFF0008D1DAE /* RZDBTransforms.m in Sources */ = {isa = PBXBuildFile; fileRef = B572C47A1D20FFF0008D1DAE /* RZDBTransforms.m */; };
		B572C4901D210089008D1DAE /* UIView+HTStyleView.m in Sources */ = {isa = PBXBuildFile; fileRef = B572C48F1D210089008D1DAE /* UIView+HTStyleView.m */; };
		B572C4961D2120B4008D1DAE /* UIButton+Extension.m in Sources */ = {isa = PBXBuildFile; fileRef = B572C4931D2120B4008D1DAE /* UIButton+Extension.m */; };
/* End PBXBuildFile section */

/* Begin PBXContainerItemProxy section */
		B572C4321D20FB29008D1DAE /* PBXContainerItemProxy */ = {
			isa = PBXContainerItemProxy;
			containerPortal = B572C4101D20FB29008D1DAE /* Project object */;
			proxyType = 1;
			remoteGlobalIDString = B572C4171D20FB29008D1DAE;
			remoteInfo = HTStyle;
		};
		B572C43D1D20FB29008D1DAE /* PBXContainerItemProxy */ = {
			isa = PBXContainerItemProxy;
			containerPortal = B572C4101D20FB29008D1DAE /* Project object */;
			proxyType = 1;
			remoteGlobalIDString = B572C4171D20FB29008D1DAE;
			remoteInfo = HTStyle;
		};
/* End PBXContainerItemProxy section */

/* Begin PBXFileReference section */
		B5050D641D328E450015D041 /* TwoViewController.h */ = {isa = PBXFileReference; fileEncoding = 4; lastKnownFileType = sourcecode.c.h; path = TwoViewController.h; sourceTree = "<group>"; };
		B5050D651D328E450015D041 /* TwoViewController.m */ = {isa = PBXFileReference; fileEncoding = 4; lastKnownFileType = sourcecode.c.objc; path = TwoViewController.m; sourceTree = "<group>"; };
		B572C4181D20FB29008D1DAE /* HTStyle.app */ = {isa = PBXFileReference; explicitFileType = wrapper.application; includeInIndex = 0; path = HTStyle.app; sourceTree = BUILT_PRODUCTS_DIR; };
		B572C41C1D20FB29008D1DAE /* main.m */ = {isa = PBXFileReference; lastKnownFileType = sourcecode.c.objc; path = main.m; sourceTree = "<group>"; };
		B572C41E1D20FB29008D1DAE /* AppDelegate.h */ = {isa = PBXFileReference; lastKnownFileType = sourcecode.c.h; path = AppDelegate.h; sourceTree = "<group>"; };
		B572C41F1D20FB29008D1DAE /* AppDelegate.m */ = {isa = PBXFileReference; lastKnownFileType = sourcecode.c.objc; path = AppDelegate.m; sourceTree = "<group>"; };
		B572C4211D20FB29008D1DAE /* ViewController.h */ = {isa = PBXFileReference; lastKnownFileType = sourcecode.c.h; path = ViewController.h; sourceTree = "<group>"; };
		B572C4221D20FB29008D1DAE /* ViewController.m */ = {isa = PBXFileReference; lastKnownFileType = sourcecode.c.objc; path = ViewController.m; sourceTree = "<group>"; };
		B572C4251D20FB29008D1DAE /* Base */ = {isa = PBXFileReference; lastKnownFileType = file.storyboard; name = Base; path = Base.lproj/Main.storyboard; sourceTree = "<group>"; };
		B572C4271D20FB29008D1DAE /* Assets.xcassets */ = {isa = PBXFileReference; lastKnownFileType = folder.assetcatalog; path = Assets.xcassets; sourceTree = "<group>"; };
		B572C42A1D20FB29008D1DAE /* Base */ = {isa = PBXFileReference; lastKnownFileType = file.storyboard; name = Base; path = Base.lproj/LaunchScreen.storyboard; sourceTree = "<group>"; };
		B572C42C1D20FB29008D1DAE /* Info.plist */ = {isa = PBXFileReference; lastKnownFileType = text.plist.xml; path = Info.plist; sourceTree = "<group>"; };
		B572C4311D20FB29008D1DAE /* HTStyleTests.xctest */ = {isa = PBXFileReference; explicitFileType = wrapper.cfbundle; includeInIndex = 0; path = HTStyleTests.xctest; sourceTree = BUILT_PRODUCTS_DIR; };
		B572C4351D20FB29008D1DAE /* HTStyleTests.m */ = {isa = PBXFileReference; lastKnownFileType = sourcecode.c.objc; path = HTStyleTests.m; sourceTree = "<group>"; };
		B572C4371D20FB29008D1DAE /* Info.plist */ = {isa = PBXFileReference; lastKnownFileType = text.plist.xml; path = Info.plist; sourceTree = "<group>"; };
		B572C43C1D20FB29008D1DAE /* HTStyleUITests.xctest */ = {isa = PBXFileReference; explicitFileType = wrapper.cfbundle; includeInIndex = 0; path = HTStyleUITests.xctest; sourceTree = BUILT_PRODUCTS_DIR; };
		B572C4401D20FB29008D1DAE /* HTStyleUITests.m */ = {isa = PBXFileReference; lastKnownFileType = sourcecode.c.objc; path = HTStyleUITests.m; sourceTree = "<group>"; };
		B572C4421D20FB29008D1DAE /* Info.plist */ = {isa = PBXFileReference; lastKnownFileType = text.plist.xml; path = Info.plist; sourceTree = "<group>"; };
		B572C4521D20FFF0008D1DAE /* HTBaoView.h */ = {isa = PBXFileReference; fileEncoding = 4; lastKnownFileType = sourcecode.c.h; path = HTBaoView.h; sourceTree = "<group>"; };
		B572C4531D20FFF0008D1DAE /* HTBaoView.m */ = {isa = PBXFileReference; fileEncoding = 4; lastKnownFileType = sourcecode.c.objc; path = HTBaoView.m; sourceTree = "<group>"; };
		B572C4541D20FFF0008D1DAE /* HTGridLayoutView.h */ = {isa = PBXFileReference; fileEncoding = 4; lastKnownFileType = sourcecode.c.h; path = HTGridLayoutView.h; sourceTree = "<group>"; };
		B572C4551D20FFF0008D1DAE /* HTGridLayoutView.m */ = {isa = PBXFileReference; fileEncoding = 4; lastKnownFileType = sourcecode.c.objc; path = HTGridLayoutView.m; sourceTree = "<group>"; };
		B572C4561D20FFF0008D1DAE /* HTHorizLayoutView.h */ = {isa = PBXFileReference; fileEncoding = 4; lastKnownFileType = sourcecode.c.h; path = HTHorizLayoutView.h; sourceTree = "<group>"; };
		B572C4571D20FFF0008D1DAE /* HTHorizLayoutView.m */ = {isa = PBXFileReference; fileEncoding = 4; lastKnownFileType = sourcecode.c.objc; path = HTHorizLayoutView.m; sourceTree = "<group>"; };
		B572C4581D20FFF0008D1DAE /* HTLineLayoutView.h */ = {isa = PBXFileReference; fileEncoding = 4; lastKnownFileType = sourcecode.c.h; path = HTLineLayoutView.h; sourceTree = "<group>"; };
		B572C4591D20FFF0008D1DAE /* HTLineLayoutView.m */ = {isa = PBXFileReference; fileEncoding = 4; lastKnownFileType = sourcecode.c.objc; path = HTLineLayoutView.m; sourceTree = "<group>"; };
		B572C45A1D20FFF0008D1DAE /* HTTwoLabelView.h */ = {isa = PBXFileReference; fileEncoding = 4; lastKnownFileType = sourcecode.c.h; path = HTTwoLabelView.h; sourceTree = "<group>"; };
		B572C45B1D20FFF0008D1DAE /* HTTwoLabelView.m */ = {isa = PBXFileReference; fileEncoding = 4; lastKnownFileType = sourcecode.c.objc; path = HTTwoLabelView.m; sourceTree = "<group>"; };
		B572C45C1D20FFF0008D1DAE /* HTTwoView.h */ = {isa = PBXFileReference; fileEncoding = 4; lastKnownFileType = sourcecode.c.h; path = HTTwoView.h; sourceTree = "<group>"; };
		B572C45D1D20FFF0008D1DAE /* HTTwoView.m */ = {isa = PBXFileReference; fileEncoding = 4; lastKnownFileType = sourcecode.c.objc; path = HTTwoView.m; sourceTree = "<group>"; };
		B572C4611D20FFF0008D1DAE /* HTButton.h */ = {isa = PBXFileReference; fileEncoding = 4; lastKnownFileType = sourcecode.c.h; path = HTButton.h; sourceTree = "<group>"; };
		B572C4621D20FFF0008D1DAE /* HTButton.m */ = {isa = PBXFileReference; fileEncoding = 4; lastKnownFileType = sourcecode.c.objc; path = HTButton.m; sourceTree = "<group>"; };
		B572C4631D20FFF0008D1DAE /* HTImageView.h */ = {isa = PBXFileReference; fileEncoding = 4; lastKnownFileType = sourcecode.c.h; path = HTImageView.h; sourceTree = "<group>"; };
		B572C4641D20FFF0008D1DAE /* HTImageView.m */ = {isa = PBXFileReference; fileEncoding = 4; lastKnownFileType = sourcecode.c.objc; path = HTImageView.m; sourceTree = "<group>"; };
		B572C4651D20FFF0008D1DAE /* HTLabel.h */ = {isa = PBXFileReference; fileEncoding = 4; lastKnownFileType = sourcecode.c.h; path = HTLabel.h; sourceTree = "<group>"; };
		B572C4661D20FFF0008D1DAE /* HTLabel.m */ = {isa = PBXFileReference; fileEncoding = 4; lastKnownFileType = sourcecode.c.objc; path = HTLabel.m; sourceTree = "<group>"; };
		B572C4671D20FFF0008D1DAE /* HTScrollView.h */ = {isa = PBXFileReference; fileEncoding = 4; lastKnownFileType = sourcecode.c.h; path = HTScrollView.h; sourceTree = "<group>"; };
		B572C4681D20FFF0008D1DAE /* HTScrollView.m */ = {isa = PBXFileReference; fileEncoding = 4; lastKnownFileType = sourcecode.c.objc; path = HTScrollView.m; sourceTree = "<group>"; };
		B572C4691D20FFF0008D1DAE /* HTStyleClass.h */ = {isa = PBXFileReference; fileEncoding = 4; lastKnownFileType = sourcecode.c.h; path = HTStyleClass.h; sourceTree = "<group>"; };
		B572C46A1D20FFF0008D1DAE /* HTStyleClass.m */ = {isa = PBXFileReference; fileEncoding = 4; lastKnownFileType = sourcecode.c.objc; path = HTStyleClass.m; sourceTree = "<group>"; };
		B572C46B1D20FFF0008D1DAE /* HTTextField.h */ = {isa = PBXFileReference; fileEncoding = 4; lastKnownFileType = sourcecode.c.h; path = HTTextField.h; sourceTree = "<group>"; };
		B572C46C1D20FFF0008D1DAE /* HTTextField.m */ = {isa = PBXFileReference; fileEncoding = 4; lastKnownFileType = sourcecode.c.objc; path = HTTextField.m; sourceTree = "<group>"; };
		B572C46D1D20FFF0008D1DAE /* HTView.h */ = {isa = PBXFileReference; fileEncoding = 4; lastKnownFileType = sourcecode.c.h; path = HTView.h; sourceTree = "<group>"; };
		B572C46E1D20FFF0008D1DAE /* HTView.m */ = {isa = PBXFileReference; fileEncoding = 4; lastKnownFileType = sourcecode.c.objc; path = HTView.m; sourceTree = "<group>"; };
		B572C46F1D20FFF0008D1DAE /* UIView+Using.h */ = {isa = PBXFileReference; fileEncoding = 4; lastKnownFileType = sourcecode.c.h; path = "UIView+Using.h"; sourceTree = "<group>"; };
		B572C4701D20FFF0008D1DAE /* UIView+Using.m */ = {isa = PBXFileReference; fileEncoding = 4; lastKnownFileType = sourcecode.c.objc; path = "UIView+Using.m"; sourceTree = "<group>"; };
		B572C4731D20FFF0008D1DAE /* NSObject+RZDataBinding.h */ = {isa = PBXFileReference; fileEncoding = 4; lastKnownFileType = sourcecode.c.h; path = "NSObject+RZDataBinding.h"; sourceTree = "<group>"; };
		B572C4741D20FFF0008D1DAE /* NSObject+RZDataBinding.m */ = {isa = PBXFileReference; fileEncoding = 4; lastKnownFileType = sourcecode.c.objc; path = "NSObject+RZDataBinding.m"; sourceTree = "<group>"; };
		B572C4751D20FFF0008D1DAE /* RZDataBinding.h */ = {isa = PBXFileReference; fileEncoding = 4; lastKnownFileType = sourcecode.c.h; path = RZDataBinding.h; sourceTree = "<group>"; };
		B572C4761D20FFF0008D1DAE /* RZDBCoalesce.h */ = {isa = PBXFileReference; fileEncoding = 4; lastKnownFileType = sourcecode.c.h; path = RZDBCoalesce.h; sourceTree = "<group>"; };
		B572C4771D20FFF0008D1DAE /* RZDBCoalesce.m */ = {isa = PBXFileReference; fileEncoding = 4; lastKnownFileType = sourcecode.c.objc; path = RZDBCoalesce.m; sourceTree = "<group>"; };
		B572C4781D20FFF0008D1DAE /* RZDBMacros.h */ = {isa = PBXFileReference; fileEncoding = 4; lastKnownFileType = sourcecode.c.h; path = RZDBMacros.h; sourceTree = "<group>"; };
		B572C4791D20FFF0008D1DAE /* RZDBTransforms.h */ = {isa = PBXFileReference; fileEncoding = 4; lastKnownFileType = sourcecode.c.h; path = RZDBTransforms.h; sourceTree = "<group>"; };
		B572C47A1D20FFF0008D1DAE /* RZDBTransforms.m */ = {isa = PBXFileReference; fileEncoding = 4; lastKnownFileType = sourcecode.c.objc; path = RZDBTransforms.m; sourceTree = "<group>"; };
		B572C48D1D210020008D1DAE /* HTStyle.h */ = {isa = PBXFileReference; lastKnownFileType = sourcecode.c.h; path = HTStyle.h; sourceTree = "<group>"; };
		B572C48E1D210089008D1DAE /* UIView+HTStyleView.h */ = {isa = PBXFileReference; fileEncoding = 4; lastKnownFileType = sourcecode.c.h; path = "UIView+HTStyleView.h"; sourceTree = "<group>"; };
		B572C48F1D210089008D1DAE /* UIView+HTStyleView.m */ = {isa = PBXFileReference; fileEncoding = 4; lastKnownFileType = sourcecode.c.objc; path = "UIView+HTStyleView.m"; sourceTree = "<group>"; };
		B572C4921D2120B4008D1DAE /* UIButton+Extension.h */ = {isa = PBXFileReference; fileEncoding = 4; lastKnownFileType = sourcecode.c.h; path = "UIButton+Extension.h"; sourceTree = "<group>"; };
		B572C4931D2120B4008D1DAE /* UIButton+Extension.m */ = {isa = PBXFileReference; fileEncoding = 4; lastKnownFileType = sourcecode.c.objc; path = "UIButton+Extension.m"; sourceTree = "<group>"; };
/* End PBXFileReference section */

/* Begin PBXFrameworksBuildPhase section */
		B572C4151D20FB29008D1DAE /* Frameworks */ = {
			isa = PBXFrameworksBuildPhase;
			buildActionMask = 2147483647;
			files = (
			);
			runOnlyForDeploymentPostprocessing = 0;
		};
		B572C42E1D20FB29008D1DAE /* Frameworks */ = {
			isa = PBXFrameworksBuildPhase;
			buildActionMask = 2147483647;
			files = (
			);
			runOnlyForDeploymentPostprocessing = 0;
		};
		B572C4391D20FB29008D1DAE /* Frameworks */ = {
			isa = PBXFrameworksBuildPhase;
			buildActionMask = 2147483647;
			files = (
			);
			runOnlyForDeploymentPostprocessing = 0;
		};
/* End PBXFrameworksBuildPhase section */

/* Begin PBXGroup section */
		B572C40F1D20FB29008D1DAE = {
			isa = PBXGroup;
			children = (
				B572C41A1D20FB29008D1DAE /* HTStyle */,
				B572C4341D20FB29008D1DAE /* HTStyleTests */,
				B572C43F1D20FB29008D1DAE /* HTStyleUITests */,
				B572C4191D20FB29008D1DAE /* Products */,
			);
			sourceTree = "<group>";
		};
		B572C4191D20FB29008D1DAE /* Products */ = {
			isa = PBXGroup;
			children = (
				B572C4181D20FB29008D1DAE /* HTStyle.app */,
				B572C4311D20FB29008D1DAE /* HTStyleTests.xctest */,
				B572C43C1D20FB29008D1DAE /* HTStyleUITests.xctest */,
			);
			name = Products;
			sourceTree = "<group>";
		};
		B572C41A1D20FB29008D1DAE /* HTStyle */ = {
			isa = PBXGroup;
			children = (
				B572C44E1D20FFF0008D1DAE /* Classes */,
				B572C41E1D20FB29008D1DAE /* AppDelegate.h */,
				B572C41F1D20FB29008D1DAE /* AppDelegate.m */,
				B572C4211D20FB29008D1DAE /* ViewController.h */,
				B572C4221D20FB29008D1DAE /* ViewController.m */,
				B5050D641D328E450015D041 /* TwoViewController.h */,
				B5050D651D328E450015D041 /* TwoViewController.m */,
				B572C4241D20FB29008D1DAE /* Main.storyboard */,
				B572C4271D20FB29008D1DAE /* Assets.xcassets */,
				B572C41B1D20FB29008D1DAE /* Supporting Files */,
			);
			path = HTStyle;
			sourceTree = "<group>";
		};
		B572C41B1D20FB29008D1DAE /* Supporting Files */ = {
			isa = PBXGroup;
			children = (
				B572C4291D20FB29008D1DAE /* LaunchScreen.storyboard */,
				B572C42C1D20FB29008D1DAE /* Info.plist */,
				B572C41C1D20FB29008D1DAE /* main.m */,
			);
			name = "Supporting Files";
			sourceTree = "<group>";
		};
		B572C4341D20FB29008D1DAE /* HTStyleTests */ = {
			isa = PBXGroup;
			children = (
				B572C4351D20FB29008D1DAE /* HTStyleTests.m */,
				B572C4371D20FB29008D1DAE /* Info.plist */,
			);
			path = HTStyleTests;
			sourceTree = "<group>";
		};
		B572C43F1D20FB29008D1DAE /* HTStyleUITests */ = {
			isa = PBXGroup;
			children = (
				B572C4401D20FB29008D1DAE /* HTStyleUITests.m */,
				B572C4421D20FB29008D1DAE /* Info.plist */,
			);
			path = HTStyleUITests;
			sourceTree = "<group>";
		};
		B572C44E1D20FFF0008D1DAE /* Classes */ = {
			isa = PBXGroup;
			children = (
				B572C4911D2120B4008D1DAE /* Category */,
				B572C44F1D20FFF0008D1DAE /* Controller */,
				B572C4501D20FFF0008D1DAE /* HTStyle */,
				B572C4711D20FFF0008D1DAE /* Vender */,
			);
			path = Classes;
			sourceTree = "<group>";
		};
		B572C44F1D20FFF0008D1DAE /* Controller */ = {
			isa = PBXGroup;
			children = (
			);
			path = Controller;
			sourceTree = "<group>";
		};
		B572C4501D20FFF0008D1DAE /* HTStyle */ = {
			isa = PBXGroup;
			children = (
				B572C48D1D210020008D1DAE /* HTStyle.h */,
				B572C4511D20FFF0008D1DAE /* Group */,
				B572C45E1D20FFF0008D1DAE /* View */,
			);
			path = HTStyle;
			sourceTree = "<group>";
		};
		B572C4511D20FFF0008D1DAE /* Group */ = {
			isa = PBXGroup;
			children = (
				B572C4521D20FFF0008D1DAE /* HTBaoView.h */,
				B572C4531D20FFF0008D1DAE /* HTBaoView.m */,
				B572C4541D20FFF0008D1DAE /* HTGridLayoutView.h */,
				B572C4551D20FFF0008D1DAE /* HTGridLayoutView.m */,
				B572C4561D20FFF0008D1DAE /* HTHorizLayoutView.h */,
				B572C4571D20FFF0008D1DAE /* HTHorizLayoutView.m */,
				B572C4581D20FFF0008D1DAE /* HTLineLayoutView.h */,
				B572C4591D20FFF0008D1DAE /* HTLineLayoutView.m */,
				B572C45A1D20FFF0008D1DAE /* HTTwoLabelView.h */,
				B572C45B1D20FFF0008D1DAE /* HTTwoLabelView.m */,
				B572C45C1D20FFF0008D1DAE /* HTTwoView.h */,
				B572C45D1D20FFF0008D1DAE /* HTTwoView.m */,
			);
			path = Group;
			sourceTree = "<group>";
		};
		B572C45E1D20FFF0008D1DAE /* View */ = {
			isa = PBXGroup;
			children = (
				B572C4611D20FFF0008D1DAE /* HTButton.h */,
				B572C4621D20FFF0008D1DAE /* HTButton.m */,
				B572C4631D20FFF0008D1DAE /* HTImageView.h */,
				B572C4641D20FFF0008D1DAE /* HTImageView.m */,
				B572C4651D20FFF0008D1DAE /* HTLabel.h */,
				B572C4661D20FFF0008D1DAE /* HTLabel.m */,
				B572C4671D20FFF0008D1DAE /* HTScrollView.h */,
				B572C4681D20FFF0008D1DAE /* HTScrollView.m */,
				B572C4691D20FFF0008D1DAE /* HTStyleClass.h */,
				B572C46A1D20FFF0008D1DAE /* HTStyleClass.m */,
				B572C46B1D20FFF0008D1DAE /* HTTextField.h */,
				B572C46C1D20FFF0008D1DAE /* HTTextField.m */,
				B572C46D1D20FFF0008D1DAE /* HTView.h */,
				B572C46E1D20FFF0008D1DAE /* HTView.m */,
				B572C46F1D20FFF0008D1DAE /* UIView+Using.h */,
				B572C4701D20FFF0008D1DAE /* UIView+Using.m */,
				B572C48E1D210089008D1DAE /* UIView+HTStyleView.h */,
				B572C48F1D210089008D1DAE /* UIView+HTStyleView.m */,
			);
			path = View;
			sourceTree = "<group>";
		};
		B572C4711D20FFF0008D1DAE /* Vender */ = {
			isa = PBXGroup;
			children = (
				B572C4721D20FFF0008D1DAE /* RZDataBinding */,
			);
			path = Vender;
			sourceTree = "<group>";
		};
		B572C4721D20FFF0008D1DAE /* RZDataBinding */ = {
			isa = PBXGroup;
			children = (
				B572C4731D20FFF0008D1DAE /* NSObject+RZDataBinding.h */,
				B572C4741D20FFF0008D1DAE /* NSObject+RZDataBinding.m */,
				B572C4751D20FFF0008D1DAE /* RZDataBinding.h */,
				B572C4761D20FFF0008D1DAE /* RZDBCoalesce.h */,
				B572C4771D20FFF0008D1DAE /* RZDBCoalesce.m */,
				B572C4781D20FFF0008D1DAE /* RZDBMacros.h */,
				B572C4791D20FFF0008D1DAE /* RZDBTransforms.h */,
				B572C47A1D20FFF0008D1DAE /* RZDBTransforms.m */,
			);
			path = RZDataBinding;
			sourceTree = "<group>";
		};
		B572C4911D2120B4008D1DAE /* Category */ = {
			isa = PBXGroup;
			children = (
				B572C4921D2120B4008D1DAE /* UIButton+Extension.h */,
				B572C4931D2120B4008D1DAE /* UIButton+Extension.m */,
			);
			path = Category;
			sourceTree = "<group>";
		};
/* End PBXGroup section */

/* Begin PBXNativeTarget section */
		B572C4171D20FB29008D1DAE /* HTStyle */ = {
			isa = PBXNativeTarget;
			buildConfigurationList = B572C4451D20FB29008D1DAE /* Build configuration list for PBXNativeTarget "HTStyle" */;
			buildPhases = (
				B572C4141D20FB29008D1DAE /* Sources */,
				B572C4151D20FB29008D1DAE /* Frameworks */,
				B572C4161D20FB29008D1DAE /* Resources */,
			);
			buildRules = (
			);
			dependencies = (
			);
			name = HTStyle;
			productName = HTStyle;
			productReference = B572C4181D20FB29008D1DAE /* HTStyle.app */;
			productType = "com.apple.product-type.application";
		};
		B572C4301D20FB29008D1DAE /* HTStyleTests */ = {
			isa = PBXNativeTarget;
			buildConfigurationList = B572C4481D20FB29008D1DAE /* Build configuration list for PBXNativeTarget "HTStyleTests" */;
			buildPhases = (
				B572C42D1D20FB29008D1DAE /* Sources */,
				B572C42E1D20FB29008D1DAE /* Frameworks */,
				B572C42F1D20FB29008D1DAE /* Resources */,
			);
			buildRules = (
			);
			dependencies = (
				B572C4331D20FB29008D1DAE /* PBXTargetDependency */,
			);
			name = HTStyleTests;
			productName = HTStyleTests;
			productReference = B572C4311D20FB29008D1DAE /* HTStyleTests.xctest */;
			productType = "com.apple.product-type.bundle.unit-test";
		};
		B572C43B1D20FB29008D1DAE /* HTStyleUITests */ = {
			isa = PBXNativeTarget;
			buildConfigurationList = B572C44B1D20FB29008D1DAE /* Build configuration list for PBXNativeTarget "HTStyleUITests" */;
			buildPhases = (
				B572C4381D20FB29008D1DAE /* Sources */,
				B572C4391D20FB29008D1DAE /* Frameworks */,
				B572C43A1D20FB29008D1DAE /* Resources */,
			);
			buildRules = (
			);
			dependencies = (
				B572C43E1D20FB29008D1DAE /* PBXTargetDependency */,
			);
			name = HTStyleUITests;
			productName = HTStyleUITests;
			productReference = B572C43C1D20FB29008D1DAE /* HTStyleUITests.xctest */;
			productType = "com.apple.product-type.bundle.ui-testing";
		};
/* End PBXNativeTarget section */

/* Begin PBXProject section */
		B572C4101D20FB29008D1DAE /* Project object */ = {
			isa = PBXProject;
			attributes = {
				LastUpgradeCheck = 0720;
				ORGANIZATIONNAME = jfey;
				TargetAttributes = {
					B572C4171D20FB29008D1DAE = {
						CreatedOnToolsVersion = 7.2;
						DevelopmentTeam = 77C92QRADY;
					};
					B572C4301D20FB29008D1DAE = {
						CreatedOnToolsVersion = 7.2;
						DevelopmentTeam = 77C92QRADY;
						TestTargetID = B572C4171D20FB29008D1DAE;
					};
					B572C43B1D20FB29008D1DAE = {
						CreatedOnToolsVersion = 7.2;
						DevelopmentTeam = 77C92QRADY;
						TestTargetID = B572C4171D20FB29008D1DAE;
					};
				};
			};
			buildConfigurationList = B572C4131D20FB29008D1DAE /* Build configuration list for PBXProject "HTStyle" */;
			compatibilityVersion = "Xcode 3.2";
			developmentRegion = English;
			hasScannedForEncodings = 0;
			knownRegions = (
				en,
				Base,
			);
			mainGroup = B572C40F1D20FB29008D1DAE;
			productRefGroup = B572C4191D20FB29008D1DAE /* Products */;
			projectDirPath = "";
			projectRoot = "";
			targets = (
				B572C4171D20FB29008D1DAE /* HTStyle */,
				B572C4301D20FB29008D1DAE /* HTStyleTests */,
				B572C43B1D20FB29008D1DAE /* HTStyleUITests */,
			);
		};
/* End PBXProject section */

/* Begin PBXResourcesBuildPhase section */
		B572C4161D20FB29008D1DAE /* Resources */ = {
			isa = PBXResourcesBuildPhase;
			buildActionMask = 2147483647;
			files = (
				B572C42B1D20FB29008D1DAE /* LaunchScreen.storyboard in Resources */,
				B572C4281D20FB29008D1DAE /* Assets.xcassets in Resources */,
				B572C4261D20FB29008D1DAE /* Main.storyboard in Resources */,
			);
			runOnlyForDeploymentPostprocessing = 0;
		};
		B572C42F1D20FB29008D1DAE /* Resources */ = {
			isa = PBXResourcesBuildPhase;
			buildActionMask = 2147483647;
			files = (
			);
			runOnlyForDeploymentPostprocessing = 0;
		};
		B572C43A1D20FB29008D1DAE /* Resources */ = {
			isa = PBXResourcesBuildPhase;
			buildActionMask = 2147483647;
			files = (
			);
			runOnlyForDeploymentPostprocessing = 0;
		};
/* End PBXResourcesBuildPhase section */

/* Begin PBXSourcesBuildPhase section */
		B572C4141D20FB29008D1DAE /* Sources */ = {
			isa = PBXSourcesBuildPhase;
			buildActionMask = 2147483647;
			files = (
				B572C4231D20FB29008D1DAE /* ViewController.m in Sources */,
				B572C47D1D20FFF0008D1DAE /* HTHorizLayoutView.m in Sources */,
				B572C48C1D20FFF0008D1DAE /* RZDBTransforms.m in Sources */,
				B572C4201D20FB29008D1DAE /* AppDelegate.m in Sources */,
				B572C4801D20FFF0008D1DAE /* HTTwoView.m in Sources */,
				B572C48A1D20FFF0008D1DAE /* NSObject+RZDataBinding.m in Sources */,
				B572C4861D20FFF0008D1DAE /* HTStyleClass.m in Sources */,
				B572C4961D2120B4008D1DAE /* UIButton+Extension.m in Sources */,
				B572C4821D20FFF0008D1DAE /* HTButton.m in Sources */,
				B572C4831D20FFF0008D1DAE /* HTImageView.m in Sources */,
				B572C47E1D20FFF0008D1DAE /* HTLineLayoutView.m in Sources */,
				B572C4841D20FFF0008D1DAE /* HTLabel.m in Sources */,
				B572C47F1D20FFF0008D1DAE /* HTTwoLabelView.m in Sources */,
				B572C4881D20FFF0008D1DAE /* HTView.m in Sources */,
				B572C47C1D20FFF0008D1DAE /* HTGridLayoutView.m in Sources */,
				B5050D661D328E450015D041 /* TwoViewController.m in Sources */,
				B572C48B1D20FFF0008D1DAE /* RZDBCoalesce.m in Sources */,
				B572C4891D20FFF0008D1DAE /* UIView+Using.m in Sources */,
				B572C4851D20FFF0008D1DAE /* HTScrollView.m in Sources */,
				B572C4871D20FFF0008D1DAE /* HTTextField.m in Sources */,
				B572C4901D210089008D1DAE /* UIView+HTStyleView.m in Sources */,
				B572C41D1D20FB29008D1DAE /* main.m in Sources */,
				B572C47B1D20FFF0008D1DAE /* HTBaoView.m in Sources */,
			);
			runOnlyForDeploymentPostprocessing = 0;
		};
		B572C42D1D20FB29008D1DAE /* Sources */ = {
			isa = PBXSourcesBuildPhase;
			buildActionMask = 2147483647;
			files = (
				B572C4361D20FB29008D1DAE /* HTStyleTests.m in Sources */,
			);
			runOnlyForDeploymentPostprocessing = 0;
		};
		B572C4381D20FB29008D1DAE /* Sources */ = {
			isa = PBXSourcesBuildPhase;
			buildActionMask = 2147483647;
			files = (
				B572C4411D20FB29008D1DAE /* HTStyleUITests.m in Sources */,
			);
			runOnlyForDeploymentPostprocessing = 0;
		};
/* End PBXSourcesBuildPhase section */

/* Begin PBXTargetDependency section */
		B572C4331D20FB29008D1DAE /* PBXTargetDependency */ = {
			isa = PBXTargetDependency;
			target = B572C4171D20FB29008D1DAE /* HTStyle */;
			targetProxy = B572C4321D20FB29008D1DAE /* PBXContainerItemProxy */;
		};
		B572C43E1D20FB29008D1DAE /* PBXTargetDependency */ = {
			isa = PBXTargetDependency;
			target = B572C4171D20FB29008D1DAE /* HTStyle */;
			targetProxy = B572C43D1D20FB29008D1DAE /* PBXContainerItemProxy */;
		};
/* End PBXTargetDependency section */

/* Begin PBXVariantGroup section */
		B572C4241D20FB29008D1DAE /* Main.storyboard */ = {
			isa = PBXVariantGroup;
			children = (
				B572C4251D20FB29008D1DAE /* Base */,
			);
			name = Main.storyboard;
			sourceTree = "<group>";
		};
		B572C4291D20FB29008D1DAE /* LaunchScreen.storyboard */ = {
			isa = PBXVariantGroup;
			children = (
				B572C42A1D20FB29008D1DAE /* Base */,
			);
			name = LaunchScreen.storyboard;
			sourceTree = "<group>";
		};
/* End PBXVariantGroup section */

/* Begin XCBuildConfiguration section */
		B572C4431D20FB29008D1DAE /* Debug */ = {
			isa = XCBuildConfiguration;
			buildSettings = {
				ALWAYS_SEARCH_USER_PATHS = NO;
				CLANG_CXX_LANGUAGE_STANDARD = "gnu++0x";
				CLANG_CXX_LIBRARY = "libc++";
				CLANG_ENABLE_MODULES = YES;
				CLANG_ENABLE_OBJC_ARC = YES;
				CLANG_WARN_BOOL_CONVERSION = YES;
				CLANG_WARN_CONSTANT_CONVERSION = YES;
				CLANG_WARN_DIRECT_OBJC_ISA_USAGE = YES_ERROR;
				CLANG_WARN_EMPTY_BODY = YES;
				CLANG_WARN_ENUM_CONVERSION = YES;
				CLANG_WARN_INT_CONVERSION = YES;
				CLANG_WARN_OBJC_ROOT_CLASS = YES_ERROR;
				CLANG_WARN_UNREACHABLE_CODE = YES;
				CLANG_WARN__DUPLICATE_METHOD_MATCH = YES;
				"CODE_SIGN_IDENTITY[sdk=iphoneos*]" = "iPhone Developer";
				COPY_PHASE_STRIP = NO;
				DEBUG_INFORMATION_FORMAT = dwarf;
				ENABLE_STRICT_OBJC_MSGSEND = YES;
				ENABLE_TESTABILITY = YES;
				GCC_C_LANGUAGE_STANDARD = gnu99;
				GCC_DYNAMIC_NO_PIC = NO;
				GCC_NO_COMMON_BLOCKS = YES;
				GCC_OPTIMIZATION_LEVEL = 0;
				GCC_PREPROCESSOR_DEFINITIONS = (
					"DEBUG=1",
					"$(inherited)",
				);
				GCC_WARN_64_TO_32_BIT_CONVERSION = YES;
				GCC_WARN_ABOUT_RETURN_TYPE = YES_ERROR;
				GCC_WARN_UNDECLARED_SELECTOR = YES;
				GCC_WARN_UNINITIALIZED_AUTOS = YES_AGGRESSIVE;
				GCC_WARN_UNUSED_FUNCTION = YES;
				GCC_WARN_UNUSED_VARIABLE = YES;
				IPHONEOS_DEPLOYMENT_TARGET = 9.2;
				MTL_ENABLE_DEBUG_INFO = YES;
				ONLY_ACTIVE_ARCH = YES;
				SDKROOT = iphoneos;
				TARGETED_DEVICE_FAMILY = "1,2";
			};
			name = Debug;
		};
		B572C4441D20FB29008D1DAE /* Release */ = {
			isa = XCBuildConfiguration;
			buildSettings = {
				ALWAYS_SEARCH_USER_PATHS = NO;
				CLANG_CXX_LANGUAGE_STANDARD = "gnu++0x";
				CLANG_CXX_LIBRARY = "libc++";
				CLANG_ENABLE_MODULES = YES;
				CLANG_ENABLE_OBJC_ARC = YES;
				CLANG_WARN_BOOL_CONVERSION = YES;
				CLANG_WARN_CONSTANT_CONVERSION = YES;
				CLANG_WARN_DIRECT_OBJC_ISA_USAGE = YES_ERROR;
				CLANG_WARN_EMPTY_BODY = YES;
				CLANG_WARN_ENUM_CONVERSION = YES;
				CLANG_WARN_INT_CONVERSION = YES;
				CLANG_WARN_OBJC_ROOT_CLASS = YES_ERROR;
				CLANG_WARN_UNREACHABLE_CODE = YES;
				CLANG_WARN__DUPLICATE_METHOD_MATCH = YES;
				"CODE_SIGN_IDENTITY[sdk=iphoneos*]" = "iPhone Developer";
				COPY_PHASE_STRIP = NO;
				DEBUG_INFORMATION_FORMAT = "dwarf-with-dsym";
				ENABLE_NS_ASSERTIONS = NO;
				ENABLE_STRICT_OBJC_MSGSEND = YES;
				GCC_C_LANGUAGE_STANDARD = gnu99;
				GCC_NO_COMMON_BLOCKS = YES;
				GCC_WARN_64_TO_32_BIT_CONVERSION = YES;
				GCC_WARN_ABOUT_RETURN_TYPE = YES_ERROR;
				GCC_WARN_UNDECLARED_SELECTOR = YES;
				GCC_WARN_UNINITIALIZED_AUTOS = YES_AGGRESSIVE;
				GCC_WARN_UNUSED_FUNCTION = YES;
				GCC_WARN_UNUSED_VARIABLE = YES;
				IPHONEOS_DEPLOYMENT_TARGET = 9.2;
				MTL_ENABLE_DEBUG_INFO = NO;
				SDKROOT = iphoneos;
				TARGETED_DEVICE_FAMILY = "1,2";
				VALIDATE_PRODUCT = YES;
			};
			name = Release;
		};
		B572C4461D20FB29008D1DAE /* Debug */ = {
			isa = XCBuildConfiguration;
			buildSettings = {
				ASSETCATALOG_COMPILER_APPICON_NAME = AppIcon;
				INFOPLIST_FILE = HTStyle/Info.plist;
				LD_RUNPATH_SEARCH_PATHS = "$(inherited) @executable_path/Frameworks";
				PRODUCT_BUNDLE_IDENTIFIER = me.jfey.HTStyle;
				PRODUCT_NAME = "$(TARGET_NAME)";
			};
			name = Debug;
		};
		B572C4471D20FB29008D1DAE /* Release */ = {
			isa = XCBuildConfiguration;
			buildSettings = {
				ASSETCATALOG_COMPILER_APPICON_NAME = AppIcon;
				INFOPLIST_FILE = HTStyle/Info.plist;
				LD_RUNPATH_SEARCH_PATHS = "$(inherited) @executable_path/Frameworks";
				PRODUCT_BUNDLE_IDENTIFIER = me.jfey.HTStyle;
				PRODUCT_NAME = "$(TARGET_NAME)";
			};
			name = Release;
		};
		B572C4491D20FB29008D1DAE /* Debug */ = {
			isa = XCBuildConfiguration;
			buildSettings = {
				BUNDLE_LOADER = "$(TEST_HOST)";
				INFOPLIST_FILE = HTStyleTests/Info.plist;
				LD_RUNPATH_SEARCH_PATHS = "$(inherited) @executable_path/Frameworks @loader_path/Frameworks";
				PRODUCT_BUNDLE_IDENTIFIER = me.jfey.HTStyleTests;
				PRODUCT_NAME = "$(TARGET_NAME)";
				TEST_HOST = "$(BUILT_PRODUCTS_DIR)/HTStyle.app/HTStyle";
			};
			name = Debug;
		};
		B572C44A1D20FB29008D1DAE /* Release */ = {
			isa = XCBuildConfiguration;
			buildSettings = {
				BUNDLE_LOADER = "$(TEST_HOST)";
				INFOPLIST_FILE = HTStyleTests/Info.plist;
				LD_RUNPATH_SEARCH_PATHS = "$(inherited) @executable_path/Frameworks @loader_path/Frameworks";
				PRODUCT_BUNDLE_IDENTIFIER = me.jfey.HTStyleTests;
				PRODUCT_NAME = "$(TARGET_NAME)";
				TEST_HOST = "$(BUILT_PRODUCTS_DIR)/HTStyle.app/HTStyle";
			};
			name = Release;
		};
		B572C44C1D20FB29008D1DAE /* Debug */ = {
			isa = XCBuildConfiguration;
			buildSettings = {
				INFOPLIST_FILE = HTStyleUITests/Info.plist;
				LD_RUNPATH_SEARCH_PATHS = "$(inherited) @executable_path/Frameworks @loader_path/Frameworks";
				PRODUCT_BUNDLE_IDENTIFIER = me.jfey.HTStyleUITests;
				PRODUCT_NAME = "$(TARGET_NAME)";
				TEST_TARGET_NAME = HTStyle;
				USES_XCTRUNNER = YES;
			};
			name = Debug;
		};
		B572C44D1D20FB29008D1DAE /* Release */ = {
			isa = XCBuildConfiguration;
			buildSettings = {
				INFOPLIST_FILE = HTStyleUITests/Info.plist;
				LD_RUNPATH_SEARCH_PATHS = "$(inherited) @executable_path/Frameworks @loader_path/Frameworks";
				PRODUCT_BUNDLE_IDENTIFIER = me.jfey.HTStyleUITests;
				PRODUCT_NAME = "$(TARGET_NAME)";
				TEST_TARGET_NAME = HTStyle;
				USES_XCTRUNNER = YES;
			};
			name = Release;
		};
/* End XCBuildConfiguration section */

/* Begin XCConfigurationList section */
		B572C4131D20FB29008D1DAE /* Build configuration list for PBXProject "HTStyle" */ = {
			isa = XCConfigurationList;
			buildConfigurations = (
				B572C4431D20FB29008D1DAE /* Debug */,
				B572C4441D20FB29008D1DAE /* Release */,
			);
			defaultConfigurationIsVisible = 0;
			defaultConfigurationName = Release;
		};
		B572C4451D20FB29008D1DAE /* Build configuration list for PBXNativeTarget "HTStyle" */ = {
			isa = XCConfigurationList;
			buildConfigurations = (
				B572C4461D20FB29008D1DAE /* Debug */,
				B572C4471D20FB29008D1DAE /* Release */,
			);
			defaultConfigurationIsVisible = 0;
			defaultConfigurationName = Release;
		};
		B572C4481D20FB29008D1DAE /* Build configuration list for PBXNativeTarget "HTStyleTests" */ = {
			isa = XCConfigurationList;
			buildConfigurations = (
				B572C4491D20FB29008D1DAE /* Debug */,
				B572C44A1D20FB29008D1DAE /* Release */,
			);
			defaultConfigurationIsVisible = 0;
			defaultConfigurationName = Release;
		};
		B572C44B1D20FB29008D1DAE /* Build configuration list for PBXNativeTarget "HTStyleUITests" */ = {
			isa = XCConfigurationList;
			buildConfigurations = (
				B572C44C1D20FB29008D1DAE /* Debug */,
				B572C44D1D20FB29008D1DAE /* Release */,
			);
			defaultConfigurationIsVisible = 0;
			defaultConfigurationName = Release;
		};
/* End XCConfigurationList section */
	};
	rootObject = B572C4101D20FB29008D1DAE /* Project object */;
}
